// !$*UTF8*$!
{
	archiveVersion = 1;
	classes = {
	};
	objectVersion = 46;
	objects = {

/* Begin PBXBuildFile section */
		5241AC7A1E7F7AF800363DF6 /* main.m in Sources */ = {isa = PBXBuildFile; fileRef = 5241AC791E7F7AF800363DF6 /* main.m */; };
		5241AC7D1E7F7AF800363DF6 /* AppDelegate.m in Sources */ = {isa = PBXBuildFile; fileRef = 5241AC7C1E7F7AF800363DF6 /* AppDelegate.m */; };
		5241AC801E7F7AF800363DF6 /* ViewController.m in Sources */ = {isa = PBXBuildFile; fileRef = 5241AC7F1E7F7AF800363DF6 /* ViewController.m */; };
		5241AC831E7F7AF800363DF6 /* Main.storyboard in Resources */ = {isa = PBXBuildFile; fileRef = 5241AC811E7F7AF800363DF6 /* Main.storyboard */; };
		5241AC851E7F7AF800363DF6 /* Assets.xcassets in Resources */ = {isa = PBXBuildFile; fileRef = 5241AC841E7F7AF800363DF6 /* Assets.xcassets */; };
		5241AC881E7F7AF800363DF6 /* LaunchScreen.storyboard in Resources */ = {isa = PBXBuildFile; fileRef = 5241AC861E7F7AF800363DF6 /* LaunchScreen.storyboard */; };
/* End PBXBuildFile section */

/* Begin PBXFileReference section */
		5241AC751E7F7AF800363DF6 /* Week1Assessment - Kemuel.app */ = {isa = PBXFileReference; explicitFileType = wrapper.application; includeInIndex = 0; path = "Week1Assessment - Kemuel.app"; sourceTree = BUILT_PRODUCTS_DIR; };
		5241AC791E7F7AF800363DF6 /* main.m */ = {isa = PBXFileReference; lastKnownFileType = sourcecode.c.objc; path = main.m; sourceTree = "<group>"; };
		5241AC7B1E7F7AF800363DF6 /* AppDelegate.h */ = {isa = PBXFileReference; lastKnownFileType = sourcecode.c.h; path = AppDelegate.h; sourceTree = "<group>"; };
		5241AC7C1E7F7AF800363DF6 /* AppDelegate.m */ = {isa = PBXFileReference; lastKnownFileType = sourcecode.c.objc; path = AppDelegate.m; sourceTree = "<group>"; };
		5241AC7E1E7F7AF800363DF6 /* ViewController.h */ = {isa = PBXFileReference; lastKnownFileType = sourcecode.c.h; path = ViewController.h; sourceTree = "<group>"; };
		5241AC7F1E7F7AF800363DF6 /* ViewController.m */ = {isa = PBXFileReference; lastKnownFileType = sourcecode.c.objc; path = ViewController.m; sourceTree = "<group>"; };
		5241AC821E7F7AF800363DF6 /* Base */ = {isa = PBXFileReference; lastKnownFileType = file.storyboard; name = Base; path = Base.lproj/Main.storyboard; sourceTree = "<group>"; };
		5241AC841E7F7AF800363DF6 /* Assets.xcassets */ = {isa = PBXFileReference; lastKnownFileType = folder.assetcatalog; path = Assets.xcassets; sourceTree = "<group>"; };
		5241AC871E7F7AF800363DF6 /* Base */ = {isa = PBXFileReference; lastKnownFileType = file.storyboard; name = Base; path = Base.lproj/LaunchScreen.storyboard; sourceTree = "<group>"; };
		5241AC891E7F7AF800363DF6 /* Info.plist */ = {isa = PBXFileReference; lastKnownFileType = text.plist.xml; path = Info.plist; sourceTree = "<group>"; };
/* End PBXFileReference section */

/* Begin PBXFrameworksBuildPhase section */
		5241AC721E7F7AF800363DF6 /* Frameworks */ = {
			isa = PBXFrameworksBuildPhase;
			buildActionMask = 2147483647;
			files = (
			);
			runOnlyForDeploymentPostprocessing = 0;
		};
/* End PBXFrameworksBuildPhase section */

/* Begin PBXGroup section */
		5241AC6C1E7F7AF800363DF6 = {
			isa = PBXGroup;
			children = (
				5241AC771E7F7AF800363DF6 /* Week1Assessment - Kemuel */,
				5241AC761E7F7AF800363DF6 /* Products */,
			);
			sourceTree = "<group>";
		};
		5241AC761E7F7AF800363DF6 /* Products */ = {
			isa = PBXGroup;
			children = (
				5241AC751E7F7AF800363DF6 /* Week1Assessment - Kemuel.app */,
			);
			name = Products;
			sourceTree = "<group>";
		};
		5241AC771E7F7AF800363DF6 /* Week1Assessment - Kemuel */ = {
			isa = PBXGroup;
			children = (
				5241AC7B1E7F7AF800363DF6 /* AppDelegate.h */,
				5241AC7C1E7F7AF800363DF6 /* AppDelegate.m */,
				5241AC7E1E7F7AF800363DF6 /* ViewController.h */,
				5241AC7F1E7F7AF800363DF6 /* ViewController.m */,
				5241AC811E7F7AF800363DF6 /* Main.storyboard */,
				5241AC841E7F7AF800363DF6 /* Assets.xcassets */,
				5241AC861E7F7AF800363DF6 /* LaunchScreen.storyboard */,
				5241AC891E7F7AF800363DF6 /* Info.plist */,
				5241AC781E7F7AF800363DF6 /* Supporting Files */,
			);
			path = "Week1Assessment - Kemuel";
			sourceTree = "<group>";
		};
		5241AC781E7F7AF800363DF6 /* Supporting Files */ = {
			isa = PBXGroup;
			children = (
				5241AC791E7F7AF800363DF6 /* main.m */,
			);
			name = "Supporting Files";
			sourceTree = "<group>";
		};
/* End PBXGroup section */

/* Begin PBXNativeTarget section */
		5241AC741E7F7AF800363DF6 /* Week1Assessment - Kemuel */ = {
			isa = PBXNativeTarget;
			buildConfigurationList = 5241AC8C1E7F7AF800363DF6 /* Build configuration list for PBXNativeTarget "Week1Assessment - Kemuel" */;
			buildPhases = (
				5241AC711E7F7AF800363DF6 /* Sources */,
				5241AC721E7F7AF800363DF6 /* Frameworks */,
				5241AC731E7F7AF800363DF6 /* Resources */,
			);
			buildRules = (
			);
			dependencies = (
			);
			name = "Week1Assessment - Kemuel";
			productName = "Week1Assessment - Kemuel";
			productReference = 5241AC751E7F7AF800363DF6 /* Week1Assessment - Kemuel.app */;
			productType = "com.apple.product-type.application";
		};
/* End PBXNativeTarget section */

/* Begin PBXProject section */
		5241AC6D1E7F7AF800363DF6 /* Project object */ = {
			isa = PBXProject;
			attributes = {
				LastUpgradeCheck = 0820;
				ORGANIZATIONNAME = Burst;
				TargetAttributes = {
					5241AC741E7F7AF800363DF6 = {
						CreatedOnToolsVersion = 8.2.1;
						ProvisioningStyle = Automatic;
					};
				};
			};
			buildConfigurationList = 5241AC701E7F7AF800363DF6 /* Build configuration list for PBXProject "Week1Assessment - Kemuel" */;
			compatibilityVersion = "Xcode 3.2";
			developmentRegion = English;
			hasScannedForEncodings = 0;
			knownRegions = (
				en,
				Base,
			);
			mainGroup = 5241AC6C1E7F7AF800363DF6;
			productRefGroup = 5241AC761E7F7AF800363DF6 /* Products */;
			projectDirPath = "";
			projectRoot = "";
			targets = (
				5241AC741E7F7AF800363DF6 /* Week1Assessment - Kemuel */,
			);
		};
/* End PBXProject section */

/* Begin PBXResourcesBuildPhase section */
		5241AC731E7F7AF800363DF6 /* Resources */ = {
			isa = PBXResourcesBuildPhase;
			buildActionMask = 2147483647;
			files = (
				5241AC881E7F7AF800363DF6 /* LaunchScreen.storyboard in Resources */,
				5241AC851E7F7AF800363DF6 /* Assets.xcassets in Resources */,
				5241AC831E7F7AF800363DF6 /* Main.storyboard in Resources */,
			);
			runOnlyForDeploymentPostprocessing = 0;
		};
/* End PBXResourcesBuildPhase section */

/* Begin PBXSourcesBuildPhase section */
		5241AC711E7F7AF800363DF6 /* Sources */ = {
			isa = PBXSourcesBuildPhase;
			buildActionMask = 2147483647;
			files = (
				5241AC801E7F7AF800363DF6 /* ViewController.m in Sources */,
				5241AC7D1E7F7AF800363DF6 /* AppDelegate.m in Sources */,
				5241AC7A1E7F7AF800363DF6 /* main.m in Sources */,
			);
			runOnlyForDeploymentPostprocessing = 0;
		};
/* End PBXSourcesBuildPhase section */

/* Begin PBXVariantGroup section */
		5241AC811E7F7AF800363DF6 /* Main.storyboard */ = {
			isa = PBXVariantGroup;
			children = (
				5241AC821E7F7AF800363DF6 /* Base */,
			);
			name = Main.storyboard;
			sourceTree = "<group>";
		};
		5241AC861E7F7AF800363DF6 /* LaunchScreen.storyboard */ = {
			isa = PBXVariantGroup;
			children = (
				5241AC871E7F7AF800363DF6 /* Base */,
			);
			name = LaunchScreen.storyboard;
			sourceTree = "<group>";
		};
/* End PBXVariantGroup section */

/* Begin XCBuildConfiguration section */
		5241AC8A1E7F7AF800363DF6 /* Debug */ = {
			isa = XCBuildConfiguration;
			buildSettings = {
				ALWAYS_SEARCH_USER_PATHS = NO;
				CLANG_ANALYZER_NONNULL = YES;
				CLANG_CXX_LANGUAGE_STANDARD = "gnu++0x";
				CLANG_CXX_LIBRARY = "libc++";
				CLANG_ENABLE_MODULES = YES;
				CLANG_ENABLE_OBJC_ARC = YES;
				CLANG_WARN_BOOL_CONVERSION = YES;
				CLANG_WARN_CONSTANT_CONVERSION = YES;
				CLANG_WARN_DIRECT_OBJC_ISA_USAGE = YES_ERROR;
				CLANG_WARN_DOCUMENTATION_COMMENTS = YES;
				CLANG_WARN_EMPTY_BODY = YES;
				CLANG_WARN_ENUM_CONVERSION = YES;
				CLANG_WARN_INFINITE_RECURSION = YES;
				CLANG_WARN_INT_CONVERSION = YES;
				CLANG_WARN_OBJC_ROOT_CLASS = YES_ERROR;
				CLANG_WARN_SUSPICIOUS_MOVE = YES;
				CLANG_WARN_UNREACHABLE_CODE = YES;
				CLANG_WARN__DUPLICATE_METHOD_MATCH = YES;
				"CODE_SIGN_IDENTITY[sdk=iphoneos*]" = "iPhone Developer";
				COPY_PHASE_STRIP = NO;
				DEBUG_INFORMATION_FORMAT = dwarf;
				ENABLE_STRICT_OBJC_MSGSEND = YES;
				ENABLE_TESTABILITY = YES;
				GCC_C_LANGUAGE_STANDARD = gnu99;
				GCC_DYNAMIC_NO_PIC = NO;
				GCC_NO_COMMON_BLOCKS = YES;
				GCC_OPTIMIZATION_LEVEL = 0;
				GCC_PREPROCESSOR_DEFINITIONS = (
					"DEBUG=1",
					"$(inherited)",
				);
				GCC_WARN_64_TO_32_BIT_CONVERSION = YES;
				GCC_WARN_ABOUT_RETURN_TYPE = YES_ERROR;
				GCC_WARN_UNDECLARED_SELECTOR = YES;
				GCC_WARN_UNINITIALIZED_AUTOS = YES_AGGRESSIVE;
				GCC_WARN_UNUSED_FUNCTION = YES;
				GCC_WARN_UNUSED_VARIABLE = YES;
				IPHONEOS_DEPLOYMENT_TARGET = 10.2;
				MTL_ENABLE_DEBUG_INFO = YES;
				ONLY_ACTIVE_ARCH = YES;
				SDKROOT = iphoneos;
				TARGETED_DEVICE_FAMILY = "1,2";
			};
			name = Debug;
		};
		5241AC8B1E7F7AF800363DF6 /* Release */ = {
			isa = XCBuildConfiguration;
			buildSettings = {
				ALWAYS_SEARCH_USER_PATHS = NO;
				CLANG_ANALYZER_NONNULL = YES;
				CLANG_CXX_LANGUAGE_STANDARD = "gnu++0x";
				CLANG_CXX_LIBRARY = "libc++";
				CLANG_ENABLE_MODULES = YES;
				CLANG_ENABLE_OBJC_ARC = YES;
				CLANG_WARN_BOOL_CONVERSION = YES;
				CLANG_WARN_CONSTANT_CONVERSION = YES;
				CLANG_WARN_DIRECT_OBJC_ISA_USAGE = YES_ERROR;
				CLANG_WARN_DOCUMENTATION_COMMENTS = YES;
				CLANG_WARN_EMPTY_BODY = YES;
				CLANG_WARN_ENUM_CONVERSION = YES;
				CLANG_WARN_INFINITE_RECURSION = YES;
				CLANG_WARN_INT_CONVERSION = YES;
				CLANG_WARN_OBJC_ROOT_CLASS = YES_ERROR;
				CLANG_WARN_SUSPICIOUS_MOVE = YES;
				CLANG_WARN_UNREACHABLE_CODE = YES;
				CLANG_WARN__DUPLICATE_METHOD_MATCH = YES;
				"CODE_SIGN_IDENTITY[sdk=iphoneos*]" = "iPhone Developer";
				COPY_PHASE_STRIP = NO;
				DEBUG_INFORMATION_FORMAT = "dwarf-with-dsym";
				ENABLE_NS_ASSERTIONS = NO;
				ENABLE_STRICT_OBJC_MSGSEND = YES;
				GCC_C_LANGUAGE_STANDARD = gnu99;
				GCC_NO_COMMON_BLOCKS = YES;
				GCC_WARN_64_TO_32_BIT_CONVERSION = YES;
				GCC_WARN_ABOUT_RETURN_TYPE = YES_ERROR;
				GCC_WARN_UNDECLARED_SELECTOR = YES;
				GCC_WARN_UNINITIALIZED_AUTOS = YES_AGGRESSIVE;
				GCC_WARN_UNUSED_FUNCTION = YES;
				GCC_WARN_UNUSED_VARIABLE = YES;
				IPHONEOS_DEPLOYMENT_TARGET = 10.2;
				MTL_ENABLE_DEBUG_INFO = NO;
				SDKROOT = iphoneos;
				TARGETED_DEVICE_FAMILY = "1,2";
				VALIDATE_PRODUCT = YES;
			};
			name = Release;
		};
		5241AC8D1E7F7AF800363DF6 /* Debug */ = {
			isa = XCBuildConfiguration;
			buildSettings = {
				ASSETCATALOG_COMPILER_APPICON_NAME = AppIcon;
				INFOPLIST_FILE = "Week1Assessment - Kemuel/Info.plist";
				LD_RUNPATH_SEARCH_PATHS = "$(inherited) @executable_path/Frameworks";
				PRODUCT_BUNDLE_IDENTIFIER = "com.Burst.Week1Assessment---Kemuel";
				PRODUCT_NAME = "$(TARGET_NAME)";
			};
			name = Debug;
		};
		5241AC8E1E7F7AF800363DF6 /* Release */ = {
			isa = XCBuildConfiguration;
			buildSettings = {
				ASSETCATALOG_COMPILER_APPICON_NAME = AppIcon;
				INFOPLIST_FILE = "Week1Assessment - Kemuel/Info.plist";
				LD_RUNPATH_SEARCH_PATHS = "$(inherited) @executable_path/Frameworks";
				PRODUCT_BUNDLE_IDENTIFIER = "com.Burst.Week1Assessment---Kemuel";
				PRODUCT_NAME = "$(TARGET_NAME)";
			};
			name = Release;
		};
/* End XCBuildConfiguration section */

/* Begin XCConfigurationList section */
		5241AC701E7F7AF800363DF6 /* Build configuration list for PBXProject "Week1Assessment - Kemuel" */ = {
			isa = XCConfigurationList;
			buildConfigurations = (
				5241AC8A1E7F7AF800363DF6 /* Debug */,
				5241AC8B1E7F7AF800363DF6 /* Release */,
			);
			defaultConfigurationIsVisible = 0;
			defaultConfigurationName = Release;
		};
		5241AC8C1E7F7AF800363DF6 /* Build configuration list for PBXNativeTarget "Week1Assessment - Kemuel" */ = {
			isa = XCConfigurationList;
			buildConfigurations = (
				5241AC8D1E7F7AF800363DF6 /* Debug */,
				5241AC8E1E7F7AF800363DF6 /* Release */,
			);
			defaultConfigurationIsVisible = 0;
		};
/* End XCConfigurationList section */
	};
	rootObject = 5241AC6D1E7F7AF800363DF6 /* Project object */;
}
